
Microsoft Visual Studio Solution File, Format Version 12.00
# Visual Studio 15
VisualStudioVersion = 15.0.28307.168
MinimumVisualStudioVersion = 10.0.40219.1
Project("{9A19103F-16F7-4668-BE54-9A1E7A4F7556}") = "allpet.cryptology", "allpet.cryptology\allpet.cryptology.csproj", "{EBC5802A-C24A-4A0F-8DFF-589B2F141F8D}"
EndProject
Project("{FAE04EC0-301F-11D3-BF4B-00C04F79EFBC}") = "allpet.cryptology.unittest", "allpet.cryptology.unittest\allpet.cryptology.unittest.csproj", "{BBCC827A-677F-4040-9670-17D95C1D4542}"
EndProject
Global
	GlobalSection(SolutionConfigurationPlatforms) = preSolution
		Debug|Any CPU = Debug|Any CPU
		Release|Any CPU = Release|Any CPU
	EndGlobalSection
	GlobalSection(ProjectConfigurationPlatforms) = postSolution
		{EBC5802A-C24A-4A0F-8DFF-589B2F141F8D}.Debug|Any CPU.ActiveCfg = Debug|Any CPU
		{EBC5802A-C24A-4A0F-8DFF-589B2F141F8D}.Debug|Any CPU.Build.0 = Debug|Any CPU
		{EBC5802A-C24A-4A0F-8DFF-589B2F141F8D}.Release|Any CPU.ActiveCfg = Release|Any CPU
		{EBC5802A-C24A-4A0F-8DFF-589B2F141F8D}.Release|Any CPU.Build.0 = Release|Any CPU
		{BBCC827A-677F-4040-9670-17D95C1D4542}.Debug|Any CPU.ActiveCfg = Debug|Any CPU
		{BBCC827A-677F-4040-9670-17D95C1D4542}.Debug|Any CPU.Build.0 = Debug|Any CPU
		{BBCC827A-677F-4040-9670-17D95C1D4542}.Release|Any CPU.ActiveCfg = Release|Any CPU
		{BBCC827A-677F-4040-9670-17D95C1D4542}.Release|Any CPU.Build.0 = Release|Any CPU
	EndGlobalSection
	GlobalSection(SolutionProperties) = preSolution
		HideSolutionNode = FALSE
	EndGlobalSection
	GlobalSection(ExtensibilityGlobals) = postSolution
		SolutionGuid = {1D2D8F5A-5BEC-4EAD-BA53-706071E279A5}
	EndGlobalSection
EndGlobal
